
Microsoft Visual Studio Solution File, Format Version 12.00
# Visual Studio 14
VisualStudioVersion = 14.0.24720.0
MinimumVisualStudioVersion = 10.0.40219.1
Project("{FAE04EC0-301F-11D3-BF4B-00C04F79EFBC}") = "Loja", "Loja\Loja.csproj", "{1962FDB4-AD0E-490F-A881-512F060C4261}"
EndProject
Project("{FAE04EC0-301F-11D3-BF4B-00C04F79EFBC}") = "Loja.Business", "Loja.Business\Loja.Business.csproj", "{3CE9D84D-F777-4E47-94A2-634C5F5582FF}"
EndProject
Project("{FAE04EC0-301F-11D3-BF4B-00C04F79EFBC}") = "Loja.Data", "Loja.Data\Loja.Data.csproj", "{E657A1BA-A7D1-4494-80DB-0EB43B43B121}"
EndProject
Project("{FAE04EC0-301F-11D3-BF4B-00C04F79EFBC}") = "Loja.Model", "Loja.Model\Loja.Model.csproj", "{E4045634-4E10-4954-BBFE-D77552A35F3E}"
EndProject
Project("{2150E333-8FDC-42A3-9474-1A3956D46DE8}") = "Documentos", "Documentos", "{58C7BF9E-C425-457F-8B7D-A775B1CEC4D0}"
	ProjectSection(SolutionItems) = preProject
		Descricao do Modelo N-TIER.txt = Descricao do Modelo N-TIER.txt
	EndProjectSection
EndProject
Global
	GlobalSection(SolutionConfigurationPlatforms) = preSolution
		Debug|Any CPU = Debug|Any CPU
		Release|Any CPU = Release|Any CPU
	EndGlobalSection
	GlobalSection(ProjectConfigurationPlatforms) = postSolution
		{1962FDB4-AD0E-490F-A881-512F060C4261}.Debug|Any CPU.ActiveCfg = Debug|Any CPU
		{1962FDB4-AD0E-490F-A881-512F060C4261}.Debug|Any CPU.Build.0 = Debug|Any CPU
		{1962FDB4-AD0E-490F-A881-512F060C4261}.Release|Any CPU.ActiveCfg = Release|Any CPU
		{1962FDB4-AD0E-490F-A881-512F060C4261}.Release|Any CPU.Build.0 = Release|Any CPU
		{3CE9D84D-F777-4E47-94A2-634C5F5582FF}.Debug|Any CPU.ActiveCfg = Debug|Any CPU
		{3CE9D84D-F777-4E47-94A2-634C5F5582FF}.Debug|Any CPU.Build.0 = Debug|Any CPU
		{3CE9D84D-F777-4E47-94A2-634C5F5582FF}.Release|Any CPU.ActiveCfg = Release|Any CPU
		{3CE9D84D-F777-4E47-94A2-634C5F5582FF}.Release|Any CPU.Build.0 = Release|Any CPU
		{E657A1BA-A7D1-4494-80DB-0EB43B43B121}.Debug|Any CPU.ActiveCfg = Debug|Any CPU
		{E657A1BA-A7D1-4494-80DB-0EB43B43B121}.Debug|Any CPU.Build.0 = Debug|Any CPU
		{E657A1BA-A7D1-4494-80DB-0EB43B43B121}.Release|Any CPU.ActiveCfg = Release|Any CPU
		{E657A1BA-A7D1-4494-80DB-0EB43B43B121}.Release|Any CPU.Build.0 = Release|Any CPU
		{E4045634-4E10-4954-BBFE-D77552A35F3E}.Debug|Any CPU.ActiveCfg = Debug|Any CPU
		{E4045634-4E10-4954-BBFE-D77552A35F3E}.Debug|Any CPU.Build.0 = Debug|Any CPU
		{E4045634-4E10-4954-BBFE-D77552A35F3E}.Release|Any CPU.ActiveCfg = Release|Any CPU
		{E4045634-4E10-4954-BBFE-D77552A35F3E}.Release|Any CPU.Build.0 = Release|Any CPU
	EndGlobalSection
	GlobalSection(SolutionProperties) = preSolution
		HideSolutionNode = FALSE
	EndGlobalSection
EndGlobal
